Microsoft Visual Studio Solution File, Format Version 12.00
# Visual Studio 15
VisualStudioVersion = 15.0.27703.2042
MinimumVisualStudioVersion = 10.0.40219.1
Project("{9A19103F-16F7-4668-BE54-9A1E7A4F7556}") = "Memorizer.Data", "Memorizer.Data\Memorizer.Data.csproj", "{94EE88EA-1B21-477C-B627-4648A526A814}"
EndProject
Project("{9A19103F-16F7-4668-BE54-9A1E7A4F7556}") = "Memorizer.Core", "Memorizer.Core\Memorizer.Core.csproj", "{D56C8DEC-1C75-455E-B506-A2B8D907CAE8}"
EndProject
Project("{9A19103F-16F7-4668-BE54-9A1E7A4F7556}") = "WebApplication1", "WebApplication1\WebApplication1.csproj", "{F5114909-0994-41D3-9220-F26CE2375EF7}"
EndProject
Project("{FAE04EC0-301F-11D3-BF4B-00C04F79EFBC}") = "Memorizer.Api", "Memorizer.Api\Memorizer.Api.csproj", "{C6451F5A-E04B-408C-98C4-50B7AA864B86}"
EndProject
Global
	GlobalSection(SolutionConfigurationPlatforms) = preSolution
		Debug|Any CPU = Debug|Any CPU
		Release|Any CPU = Release|Any CPU
	EndGlobalSection
	GlobalSection(ProjectConfigurationPlatforms) = postSolution
		{94EE88EA-1B21-477C-B627-4648A526A814}.Debug|Any CPU.ActiveCfg = Debug|Any CPU
		{94EE88EA-1B21-477C-B627-4648A526A814}.Debug|Any CPU.Build.0 = Debug|Any CPU
		{94EE88EA-1B21-477C-B627-4648A526A814}.Release|Any CPU.ActiveCfg = Release|Any CPU
		{94EE88EA-1B21-477C-B627-4648A526A814}.Release|Any CPU.Build.0 = Release|Any CPU
		{D56C8DEC-1C75-455E-B506-A2B8D907CAE8}.Debug|Any CPU.ActiveCfg = Debug|Any CPU
		{D56C8DEC-1C75-455E-B506-A2B8D907CAE8}.Debug|Any CPU.Build.0 = Debug|Any CPU
		{D56C8DEC-1C75-455E-B506-A2B8D907CAE8}.Release|Any CPU.ActiveCfg = Release|Any CPU
		{D56C8DEC-1C75-455E-B506-A2B8D907CAE8}.Release|Any CPU.Build.0 = Release|Any CPU
		{F5114909-0994-41D3-9220-F26CE2375EF7}.Debug|Any CPU.ActiveCfg = Debug|Any CPU
		{F5114909-0994-41D3-9220-F26CE2375EF7}.Debug|Any CPU.Build.0 = Debug|Any CPU
		{F5114909-0994-41D3-9220-F26CE2375EF7}.Release|Any CPU.ActiveCfg = Release|Any CPU
		{F5114909-0994-41D3-9220-F26CE2375EF7}.Release|Any CPU.Build.0 = Release|Any CPU
		{C6451F5A-E04B-408C-98C4-50B7AA864B86}.Debug|Any CPU.ActiveCfg = Debug|Any CPU
		{C6451F5A-E04B-408C-98C4-50B7AA864B86}.Debug|Any CPU.Build.0 = Debug|Any CPU
		{C6451F5A-E04B-408C-98C4-50B7AA864B86}.Release|Any CPU.ActiveCfg = Release|Any CPU
		{C6451F5A-E04B-408C-98C4-50B7AA864B86}.Release|Any CPU.Build.0 = Release|Any CPU
	EndGlobalSection
	GlobalSection(SolutionProperties) = preSolution
		HideSolutionNode = FALSE
	EndGlobalSection
	GlobalSection(ExtensibilityGlobals) = postSolution
		SolutionGuid = {BF59E6D5-B6C6-4095-82FE-9C46D6214AB3}
	EndGlobalSection
EndGlobal
